
Microsoft Visual Studio Solution File, Format Version 12.00
# Visual Studio 15
VisualStudioVersion = 15.0.27703.2000
MinimumVisualStudioVersion = 10.0.40219.1
Project("{FAE04EC0-301F-11D3-BF4B-00C04F79EFBC}") = "Controls", "View\Controls\Controls.csproj", "{7B9CC3C7-7787-40E4-BFE6-411BDE0D227B}"
EndProject
Project("{FAE04EC0-301F-11D3-BF4B-00C04F79EFBC}") = "pocgen_WordAddIn", "View\pocgen_WordAddIn\pocgen_WordAddIn.csproj", "{A965010A-5907-4EC4-8E46-4EFD502E9708}"
EndProject
Project("{FAE04EC0-301F-11D3-BF4B-00C04F79EFBC}") = "ViewModel", "ViewModels\ViewModel\ViewModel.csproj", "{2A4A2115-BE9D-472E-A666-C7BC0AD1FCFF}"
EndProject
Project("{FAE04EC0-301F-11D3-BF4B-00C04F79EFBC}") = "pocgen_WPF", "pocgen_WPF\pocgen_WPF.csproj", "{7899A507-A22F-42D8-A4E9-E32A1112C634}"
EndProject
Project("{2150E333-8FDC-42A3-9474-1A3956D46DE8}") = "Domain", "Domain", "{18D14F95-DEDC-4238-AD1C-737CE0B51C72}"
EndProject
Project("{2150E333-8FDC-42A3-9474-1A3956D46DE8}") = "Logic", "Logic", "{6D18DF2A-4D3D-4B1E-9721-786F70B74397}"
EndProject
Project("{2150E333-8FDC-42A3-9474-1A3956D46DE8}") = "UI", "UI", "{995A8719-415E-46F1-BCE7-44E3676AE8A4}"
EndProject
Project("{FAE04EC0-301F-11D3-BF4B-00C04F79EFBC}") = "ppedv.pocgen.Domain", "Domain\ppedv.pocgen.Domain\ppedv.pocgen.Domain.csproj", "{3101BAF8-99CA-497C-BCD8-F788F0B3B5B2}"
EndProject
Global
	GlobalSection(SolutionConfigurationPlatforms) = preSolution
		Debug|Any CPU = Debug|Any CPU
		Release|Any CPU = Release|Any CPU
	EndGlobalSection
	GlobalSection(ProjectConfigurationPlatforms) = postSolution
		{7B9CC3C7-7787-40E4-BFE6-411BDE0D227B}.Debug|Any CPU.ActiveCfg = Debug|Any CPU
		{7B9CC3C7-7787-40E4-BFE6-411BDE0D227B}.Debug|Any CPU.Build.0 = Debug|Any CPU
		{7B9CC3C7-7787-40E4-BFE6-411BDE0D227B}.Release|Any CPU.ActiveCfg = Release|Any CPU
		{7B9CC3C7-7787-40E4-BFE6-411BDE0D227B}.Release|Any CPU.Build.0 = Release|Any CPU
		{A965010A-5907-4EC4-8E46-4EFD502E9708}.Debug|Any CPU.ActiveCfg = Debug|Any CPU
		{A965010A-5907-4EC4-8E46-4EFD502E9708}.Debug|Any CPU.Build.0 = Debug|Any CPU
		{A965010A-5907-4EC4-8E46-4EFD502E9708}.Release|Any CPU.ActiveCfg = Release|Any CPU
		{A965010A-5907-4EC4-8E46-4EFD502E9708}.Release|Any CPU.Build.0 = Release|Any CPU
		{2A4A2115-BE9D-472E-A666-C7BC0AD1FCFF}.Debug|Any CPU.ActiveCfg = Debug|Any CPU
		{2A4A2115-BE9D-472E-A666-C7BC0AD1FCFF}.Debug|Any CPU.Build.0 = Debug|Any CPU
		{2A4A2115-BE9D-472E-A666-C7BC0AD1FCFF}.Release|Any CPU.ActiveCfg = Release|Any CPU
		{2A4A2115-BE9D-472E-A666-C7BC0AD1FCFF}.Release|Any CPU.Build.0 = Release|Any CPU
		{7899A507-A22F-42D8-A4E9-E32A1112C634}.Debug|Any CPU.ActiveCfg = Debug|Any CPU
		{7899A507-A22F-42D8-A4E9-E32A1112C634}.Debug|Any CPU.Build.0 = Debug|Any CPU
		{7899A507-A22F-42D8-A4E9-E32A1112C634}.Release|Any CPU.ActiveCfg = Release|Any CPU
		{7899A507-A22F-42D8-A4E9-E32A1112C634}.Release|Any CPU.Build.0 = Release|Any CPU
		{3101BAF8-99CA-497C-BCD8-F788F0B3B5B2}.Debug|Any CPU.ActiveCfg = Debug|Any CPU
		{3101BAF8-99CA-497C-BCD8-F788F0B3B5B2}.Debug|Any CPU.Build.0 = Debug|Any CPU
		{3101BAF8-99CA-497C-BCD8-F788F0B3B5B2}.Release|Any CPU.ActiveCfg = Release|Any CPU
		{3101BAF8-99CA-497C-BCD8-F788F0B3B5B2}.Release|Any CPU.Build.0 = Release|Any CPU
	EndGlobalSection
	GlobalSection(SolutionProperties) = preSolution
		HideSolutionNode = FALSE
	EndGlobalSection
	GlobalSection(NestedProjects) = preSolution
		{3101BAF8-99CA-497C-BCD8-F788F0B3B5B2} = {18D14F95-DEDC-4238-AD1C-737CE0B51C72}
	EndGlobalSection
	GlobalSection(ExtensibilityGlobals) = postSolution
		SolutionGuid = {A4DC29C5-F7FC-4CEB-9BC7-9324AEE7B62F}
	EndGlobalSection
EndGlobal
